dependencies:
- name: elasticsearch
  repository: https://charts.bitnami.com/bitnami
  version: 19.5.9
- name: postgresql
  repository: https://charts.bitnami.com/bitnami
  version: 12.1.11
- name: redis
  repository: https://charts.bitnami.com/bitnami
  version: 16.13.2
digest: sha256:2ffea2f576140e1439110d364f0dc6142972143ab41e9d35769dc6a2452baa8a
generated: "2023-01-29T23:56:59.01881+09:00"
